
Microsoft Visual Studio Solution File, Format Version 12.00
# Visual Studio Version 16
VisualStudioVersion = 16.0.31424.327
MinimumVisualStudioVersion = 10.0.40219.1
Project("{FAE04EC0-301F-11D3-BF4B-00C04F79EFBC}") = "SeleniumCSharpNetCore", "SeleniumCSharpNetCore\SeleniumCSharpNetCore.csproj", "{796C9E78-8061-461E-8BC7-B5D483379B30}"
EndProject
Global
	GlobalSection(SolutionConfigurationPlatforms) = preSolution
		Debug|Any CPU = Debug|Any CPU
		Release|Any CPU = Release|Any CPU
	EndGlobalSection
	GlobalSection(ProjectConfigurationPlatforms) = postSolution
		{796C9E78-8061-461E-8BC7-B5D483379B30}.Debug|Any CPU.ActiveCfg = Debug|Any CPU
		{796C9E78-8061-461E-8BC7-B5D483379B30}.Debug|Any CPU.Build.0 = Debug|Any CPU
		{796C9E78-8061-461E-8BC7-B5D483379B30}.Release|Any CPU.ActiveCfg = Release|Any CPU
		{796C9E78-8061-461E-8BC7-B5D483379B30}.Release|Any CPU.Build.0 = Release|Any CPU
	EndGlobalSection
	GlobalSection(SolutionProperties) = preSolution
		HideSolutionNode = FALSE
	EndGlobalSection
	GlobalSection(ExtensibilityGlobals) = postSolution
		SolutionGuid = {7D8BB09E-FA98-4DC0-A8C5-379905BF9893}
	EndGlobalSection
EndGlobal
